Microsoft Visual Studio Solution File, Format Version 12.00
# Visual Studio 2012
Project("{FAE04EC0-301F-11D3-BF4B-00C04F79EFBC}") = "ByteBound- The Code Quest", "ByteBound- The Code Quest.csproj", "{80298ABD-B371-4297-A878-81CB8E881DEB}"
EndProject
Global
	GlobalSection(SolutionConfigurationPlatforms) = preSolution
	Debug|Any CPU = Debug|Any CPU
	ExportDebug|Any CPU = ExportDebug|Any CPU
	ExportRelease|Any CPU = ExportRelease|Any CPU
	EndGlobalSection
	GlobalSection(ProjectConfigurationPlatforms) = postSolution
		{80298ABD-B371-4297-A878-81CB8E881DEB}.Debug|Any CPU.ActiveCfg = Debug|Any CPU
		{80298ABD-B371-4297-A878-81CB8E881DEB}.Debug|Any CPU.Build.0 = Debug|Any CPU
		{80298ABD-B371-4297-A878-81CB8E881DEB}.ExportDebug|Any CPU.ActiveCfg = ExportDebug|Any CPU
		{80298ABD-B371-4297-A878-81CB8E881DEB}.ExportDebug|Any CPU.Build.0 = ExportDebug|Any CPU
		{80298ABD-B371-4297-A878-81CB8E881DEB}.ExportRelease|Any CPU.ActiveCfg = ExportRelease|Any CPU
		{80298ABD-B371-4297-A878-81CB8E881DEB}.ExportRelease|Any CPU.Build.0 = ExportRelease|Any CPU
	EndGlobalSection
EndGlobal
